// !$*UTF8*$!
{
	archiveVersion = 1;
	classes = {
	};
	objectVersion = 46;
	objects = {

/* Begin PBXBuildFile section */
		01433D7E1C41CE0E00E8871D /* AppDelegate.swift in Sources */ = {isa = PBXBuildFile; fileRef = 01433D7D1C41CE0E00E8871D /* AppDelegate.swift */; };
		01433D801C41CE0E00E8871D /* ViewController.swift in Sources */ = {isa = PBXBuildFile; fileRef = 01433D7F1C41CE0E00E8871D /* ViewController.swift */; };
		01433D831C41CE0E00E8871D /* Main.storyboard in Resources */ = {isa = PBXBuildFile; fileRef = 01433D811C41CE0E00E8871D /* Main.storyboard */; };
		01433D851C41CE0E00E8871D /* Assets.xcassets in Resources */ = {isa = PBXBuildFile; fileRef = 01433D841C41CE0E00E8871D /* Assets.xcassets */; };
		01433D881C41CE0E00E8871D /* LaunchScreen.storyboard in Resources */ = {isa = PBXBuildFile; fileRef = 01433D861C41CE0E00E8871D /* LaunchScreen.storyboard */; };
		01433D931C41CE0E00E8871D /* FirstiOSAppTests.swift in Sources */ = {isa = PBXBuildFile; fileRef = 01433D921C41CE0E00E8871D /* FirstiOSAppTests.swift */; };
/* End PBXBuildFile section */

/* Begin PBXContainerItemProxy section */
		01433D8F1C41CE0E00E8871D /* PBXContainerItemProxy */ = {
			isa = PBXContainerItemProxy;
			containerPortal = 01433D721C41CE0E00E8871D /* Project object */;
			proxyType = 1;
			remoteGlobalIDString = 01433D791C41CE0E00E8871D;
			remoteInfo = FirstiOSApp;
		};
/* End PBXContainerItemProxy section */

/* Begin PBXFileReference section */
		01433D7A1C41CE0E00E8871D /* FirstiOSApp.app */ = {isa = PBXFileReference; explicitFileType = wrapper.application; includeInIndex = 0; path = FirstiOSApp.app; sourceTree = BUILT_PRODUCTS_DIR; };
		01433D7D1C41CE0E00E8871D /* AppDelegate.swift */ = {isa = PBXFileReference; lastKnownFileType = sourcecode.swift; path = AppDelegate.swift; sourceTree = "<group>"; };
		01433D7F1C41CE0E00E8871D /* ViewController.swift */ = {isa = PBXFileReference; lastKnownFileType = sourcecode.swift; path = ViewController.swift; sourceTree = "<group>"; };
		01433D821C41CE0E00E8871D /* Base */ = {isa = PBXFileReference; lastKnownFileType = file.storyboard; name = Base; path = Base.lproj/Main.storyboard; sourceTree = "<group>"; };
		01433D841C41CE0E00E8871D /* Assets.xcassets */ = {isa = PBXFileReference; lastKnownFileType = folder.assetcatalog; path = Assets.xcassets; sourceTree = "<group>"; };
		01433D871C41CE0E00E8871D /* Base */ = {isa = PBXFileReference; lastKnownFileType = file.storyboard; name = Base; path = Base.lproj/LaunchScreen.storyboard; sourceTree = "<group>"; };
		01433D891C41CE0E00E8871D /* Info.plist */ = {isa = PBXFileReference; lastKnownFileType = text.plist.xml; path = Info.plist; sourceTree = "<group>"; };
		01433D8E1C41CE0E00E8871D /* FirstiOSAppTests.xctest */ = {isa = PBXFileReference; explicitFileType = wrapper.cfbundle; includeInIndex = 0; path = FirstiOSAppTests.xctest; sourceTree = BUILT_PRODUCTS_DIR; };
		01433D921C41CE0E00E8871D /* FirstiOSAppTests.swift */ = {isa = PBXFileReference; lastKnownFileType = sourcecode.swift; path = FirstiOSAppTests.swift; sourceTree = "<group>"; };
		01433D941C41CE0E00E8871D /* Info.plist */ = {isa = PBXFileReference; lastKnownFileType = text.plist.xml; path = Info.plist; sourceTree = "<group>"; };
/* End PBXFileReference section */

/* Begin PBXFrameworksBuildPhase section */
		01433D771C41CE0E00E8871D /* Frameworks */ = {
			isa = PBXFrameworksBuildPhase;
			buildActionMask = 2147483647;
			files = (
			);
			runOnlyForDeploymentPostprocessing = 0;
		};
		01433D8B1C41CE0E00E8871D /* Frameworks */ = {
			isa = PBXFrameworksBuildPhase;
			buildActionMask = 2147483647;
			files = (
			);
			runOnlyForDeploymentPostprocessing = 0;
		};
/* End PBXFrameworksBuildPhase section */

/* Begin PBXGroup section */
		01433D711C41CE0E00E8871D = {
			isa = PBXGroup;
			children = (
				01433D7C1C41CE0E00E8871D /* FirstiOSApp */,
				01433D911C41CE0E00E8871D /* FirstiOSAppTests */,
				01433D7B1C41CE0E00E8871D /* Products */,
			);
			sourceTree = "<group>";
		};
		01433D7B1C41CE0E00E8871D /* Products */ = {
			isa = PBXGroup;
			children = (
				01433D7A1C41CE0E00E8871D /* FirstiOSApp.app */,
				01433D8E1C41CE0E00E8871D /* FirstiOSAppTests.xctest */,
			);
			name = Products;
			sourceTree = "<group>";
		};
		01433D7C1C41CE0E00E8871D /* FirstiOSApp */ = {
			isa = PBXGroup;
			children = (
				01433D7D1C41CE0E00E8871D /* AppDelegate.swift */,
				01433D7F1C41CE0E00E8871D /* ViewController.swift */,
				01433D811C41CE0E00E8871D /* Main.storyboard */,
				01433D841C41CE0E00E8871D /* Assets.xcassets */,
				01433D861C41CE0E00E8871D /* LaunchScreen.storyboard */,
				01433D891C41CE0E00E8871D /* Info.plist */,
			);
			path = FirstiOSApp;
			sourceTree = "<group>";
		};
		01433D911C41CE0E00E8871D /* FirstiOSAppTests */ = {
			isa = PBXGroup;
			children = (
				01433D921C41CE0E00E8871D /* FirstiOSAppTests.swift */,
				01433D941C41CE0E00E8871D /* Info.plist */,
			);
			path = FirstiOSAppTests;
			sourceTree = "<group>";
		};
/* End PBXGroup section */

/* Begin PBXNativeTarget section */
		01433D791C41CE0E00E8871D /* FirstiOSApp */ = {
			isa = PBXNativeTarget;
			buildConfigurationList = 01433D971C41CE0E00E8871D /* Build configuration list for PBXNativeTarget "FirstiOSApp" */;
			buildPhases = (
				01433D761C41CE0E00E8871D /* Sources */,
				01433D771C41CE0E00E8871D /* Frameworks */,
				01433D781C41CE0E00E8871D /* Resources */,
			);
			buildRules = (
			);
			dependencies = (
			);
			name = FirstiOSApp;
			productName = FirstiOSApp;
			productReference = 01433D7A1C41CE0E00E8871D /* FirstiOSApp.app */;
			productType = "com.apple.product-type.application";
		};
		01433D8D1C41CE0E00E8871D /* FirstiOSAppTests */ = {
			isa = PBXNativeTarget;
			buildConfigurationList = 01433D9A1C41CE0E00E8871D /* Build configuration list for PBXNativeTarget "FirstiOSAppTests" */;
			buildPhases = (
				01433D8A1C41CE0E00E8871D /* Sources */,
				01433D8B1C41CE0E00E8871D /* Frameworks */,
				01433D8C1C41CE0E00E8871D /* Resources */,
			);
			buildRules = (
			);
			dependencies = (
				01433D901C41CE0E00E8871D /* PBXTargetDependency */,
			);
			name = FirstiOSAppTests;
			productName = FirstiOSAppTests;
			productReference = 01433D8E1C41CE0E00E8871D /* FirstiOSAppTests.xctest */;
			productType = "com.apple.product-type.bundle.unit-test";
		};
/* End PBXNativeTarget section */

/* Begin PBXProject section */
		01433D721C41CE0E00E8871D /* Project object */ = {
			isa = PBXProject;
			attributes = {
				LastSwiftUpdateCheck = 0720;
				LastUpgradeCheck = 0720;
				ORGANIZATIONNAME = XYZ;
				TargetAttributes = {
					01433D791C41CE0E00E8871D = {
						CreatedOnToolsVersion = 7.2;
						DevelopmentTeam = 2XB54ENRTE;
					};
					01433D8D1C41CE0E00E8871D = {
						CreatedOnToolsVersion = 7.2;
						DevelopmentTeam = 2XB54ENRTE;
						TestTargetID = 01433D791C41CE0E00E8871D;
					};
				};
			};
			buildConfigurationList = 01433D751C41CE0E00E8871D /* Build configuration list for PBXProject "FirstiOSApp" */;
			compatibilityVersion = "Xcode 3.2";
			developmentRegion = English;
			hasScannedForEncodings = 0;
			knownRegions = (
				en,
				Base,
			);
			mainGroup = 01433D711C41CE0E00E8871D;
			productRefGroup = 01433D7B1C41CE0E00E8871D /* Products */;
			projectDirPath = "";
			projectRoot = "";
			targets = (
				01433D791C41CE0E00E8871D /* FirstiOSApp */,
				01433D8D1C41CE0E00E8871D /* FirstiOSAppTests */,
			);
		};
/* End PBXProject section */

/* Begin PBXResourcesBuildPhase section */
		01433D781C41CE0E00E8871D /* Resources */ = {
			isa = PBXResourcesBuildPhase;
			buildActionMask = 2147483647;
			files = (
				01433D881C41CE0E00E8871D /* LaunchScreen.storyboard in Resources */,
				01433D851C41CE0E00E8871D /* Assets.xcassets in Resources */,
				01433D831C41CE0E00E8871D /* Main.storyboard in Resources */,
			);
			runOnlyForDeploymentPostprocessing = 0;
		};
		01433D8C1C41CE0E00E8871D /* Resources */ = {
			isa = PBXResourcesBuildPhase;
			buildActionMask = 2147483647;
			files = (
			);
			runOnlyForDeploymentPostprocessing = 0;
		};
/* End PBXResourcesBuildPhase section */

/* Begin PBXSourcesBuildPhase section */
		01433D761C41CE0E00E8871D /* Sources */ = {
			isa = PBXSourcesBuildPhase;
			buildActionMask = 2147483647;
			files = (
				01433D801C41CE0E00E8871D /* ViewController.swift in Sources */,
				01433D7E1C41CE0E00E8871D /* AppDelegate.swift in Sources */,
			);
			runOnlyForDeploymentPostprocessing = 0;
		};
		01433D8A1C41CE0E00E8871D /* Sources */ = {
			isa = PBXSourcesBuildPhase;
			buildActionMask = 2147483647;
			files = (
				01433D931C41CE0E00E8871D /* FirstiOSAppTests.swift in Sources */,
			);
			runOnlyForDeploymentPostprocessing = 0;
		};
/* End PBXSourcesBuildPhase section */

/* Begin PBXTargetDependency section */
		01433D901C41CE0E00E8871D /* PBXTargetDependency */ = {
			isa = PBXTargetDependency;
			target = 01433D791C41CE0E00E8871D /* FirstiOSApp */;
			targetProxy = 01433D8F1C41CE0E00E8871D /* PBXContainerItemProxy */;
		};
/* End PBXTargetDependency section */

/* Begin PBXVariantGroup section */
		01433D811C41CE0E00E8871D /* Main.storyboard */ = {
			isa = PBXVariantGroup;
			children = (
				01433D821C41CE0E00E8871D /* Base */,
			);
			name = Main.storyboard;
			sourceTree = "<group>";
		};
		01433D861C41CE0E00E8871D /* LaunchScreen.storyboard */ = {
			isa = PBXVariantGroup;
			children = (
				01433D871C41CE0E00E8871D /* Base */,
			);
			name = LaunchScreen.storyboard;
			sourceTree = "<group>";
		};
/* End PBXVariantGroup section */

/* Begin XCBuildConfiguration section */
		01433D951C41CE0E00E8871D /* Debug */ = {
			isa = XCBuildConfiguration;
			buildSettings = {
				ALWAYS_SEARCH_USER_PATHS = NO;
				CLANG_CXX_LANGUAGE_STANDARD = "gnu++0x";
				CLANG_CXX_LIBRARY = "libc++";
				CLANG_ENABLE_MODULES = YES;
				CLANG_ENABLE_OBJC_ARC = YES;
				CLANG_WARN_BOOL_CONVERSION = YES;
				CLANG_WARN_CONSTANT_CONVERSION = YES;
				CLANG_WARN_DIRECT_OBJC_ISA_USAGE = YES_ERROR;
				CLANG_WARN_EMPTY_BODY = YES;
				CLANG_WARN_ENUM_CONVERSION = YES;
				CLANG_WARN_INT_CONVERSION = YES;
				CLANG_WARN_OBJC_ROOT_CLASS = YES_ERROR;
				CLANG_WARN_UNREACHABLE_CODE = YES;
				CLANG_WARN__DUPLICATE_METHOD_MATCH = YES;
				"CODE_SIGN_IDENTITY[sdk=iphoneos*]" = "iPhone Developer";
				COPY_PHASE_STRIP = NO;
				DEBUG_INFORMATION_FORMAT = dwarf;
				ENABLE_STRICT_OBJC_MSGSEND = YES;
				ENABLE_TESTABILITY = YES;
				GCC_C_LANGUAGE_STANDARD = gnu99;
				GCC_DYNAMIC_NO_PIC = NO;
				GCC_NO_COMMON_BLOCKS = YES;
				GCC_OPTIMIZATION_LEVEL = 0;
				GCC_PREPROCESSOR_DEFINITIONS = (
					"DEBUG=1",
					"$(inherited)",
				);
				GCC_WARN_64_TO_32_BIT_CONVERSION = YES;
				GCC_WARN_ABOUT_RETURN_TYPE = YES_ERROR;
				GCC_WARN_UNDECLARED_SELECTOR = YES;
				GCC_WARN_UNINITIALIZED_AUTOS = YES_AGGRESSIVE;
				GCC_WARN_UNUSED_FUNCTION = YES;
				GCC_WARN_UNUSED_VARIABLE = YES;
				IPHONEOS_DEPLOYMENT_TARGET = 9.2;
				MTL_ENABLE_DEBUG_INFO = YES;
				ONLY_ACTIVE_ARCH = YES;
				SDKROOT = iphoneos;
				SWIFT_OPTIMIZATION_LEVEL = "-Onone";
			};
			name = Debug;
		};
		01433D961C41CE0E00E8871D /* Release */ = {
			isa = XCBuildConfiguration;
			buildSettings = {
				ALWAYS_SEARCH_USER_PATHS = NO;
				CLANG_CXX_LANGUAGE_STANDARD = "gnu++0x";
				CLANG_CXX_LIBRARY = "libc++";
				CLANG_ENABLE_MODULES = YES;
				CLANG_ENABLE_OBJC_ARC = YES;
				CLANG_WARN_BOOL_CONVERSION = YES;
				CLANG_WARN_CONSTANT_CONVERSION = YES;
				CLANG_WARN_DIRECT_OBJC_ISA_USAGE = YES_ERROR;
				CLANG_WARN_EMPTY_BODY = YES;
				CLANG_WARN_ENUM_CONVERSION = YES;
				CLANG_WARN_INT_CONVERSION = YES;
				CLANG_WARN_OBJC_ROOT_CLASS = YES_ERROR;
				CLANG_WARN_UNREACHABLE_CODE = YES;
				CLANG_WARN__DUPLICATE_METHOD_MATCH = YES;
				"CODE_SIGN_IDENTITY[sdk=iphoneos*]" = "iPhone Developer";
				COPY_PHASE_STRIP = NO;
				DEBUG_INFORMATION_FORMAT = "dwarf-with-dsym";
				ENABLE_NS_ASSERTIONS = NO;
				ENABLE_STRICT_OBJC_MSGSEND = YES;
				GCC_C_LANGUAGE_STANDARD = gnu99;
				GCC_NO_COMMON_BLOCKS = YES;
				GCC_WARN_64_TO_32_BIT_CONVERSION = YES;
				GCC_WARN_ABOUT_RETURN_TYPE = YES_ERROR;
				GCC_WARN_UNDECLARED_SELECTOR = YES;
				GCC_WARN_UNINITIALIZED_AUTOS = YES_AGGRESSIVE;
				GCC_WARN_UNUSED_FUNCTION = YES;
				GCC_WARN_UNUSED_VARIABLE = YES;
				IPHONEOS_DEPLOYMENT_TARGET = 9.2;
				MTL_ENABLE_DEBUG_INFO = NO;
				SDKROOT = iphoneos;
				VALIDATE_PRODUCT = YES;
			};
			name = Release;
		};
		01433D981C41CE0E00E8871D /* Debug */ = {
			isa = XCBuildConfiguration;
			buildSettings = {
				ASSETCATALOG_COMPILER_APPICON_NAME = AppIcon;
				INFOPLIST_FILE = FirstiOSApp/Info.plist;
				LD_RUNPATH_SEARCH_PATHS = "$(inherited) @executable_path/Frameworks";
				PRODUCT_BUNDLE_IDENTIFIER = org.xyz.FirstiOSApp;
				PRODUCT_NAME = "$(TARGET_NAME)";
			};
			name = Debug;
		};
		01433D991C41CE0E00E8871D /* Release */ = {
			isa = XCBuildConfiguration;
			buildSettings = {
				ASSETCATALOG_COMPILER_APPICON_NAME = AppIcon;
				INFOPLIST_FILE = FirstiOSApp/Info.plist;
				LD_RUNPATH_SEARCH_PATHS = "$(inherited) @executable_path/Frameworks";
				PRODUCT_BUNDLE_IDENTIFIER = org.xyz.FirstiOSApp;
				PRODUCT_NAME = "$(TARGET_NAME)";
			};
			name = Release;
		};
		01433D9B1C41CE0E00E8871D /* Debug */ = {
			isa = XCBuildConfiguration;
			buildSettings = {
				BUNDLE_LOADER = "$(TEST_HOST)";
				INFOPLIST_FILE = FirstiOSAppTests/Info.plist;
				LD_RUNPATH_SEARCH_PATHS = "$(inherited) @executable_path/Frameworks @loader_path/Frameworks";
				PRODUCT_BUNDLE_IDENTIFIER = org.xyz.FirstiOSAppTests;
				PRODUCT_NAME = "$(TARGET_NAME)";
				TEST_HOST = "$(BUILT_PRODUCTS_DIR)/FirstiOSApp.app/FirstiOSApp";
			};
			name = Debug;
		};
		01433D9C1C41CE0E00E8871D /* Release */ = {
			isa = XCBuildConfiguration;
			buildSettings = {
				BUNDLE_LOADER = "$(TEST_HOST)";
				INFOPLIST_FILE = FirstiOSAppTests/Info.plist;
				LD_RUNPATH_SEARCH_PATHS = "$(inherited) @executable_path/Frameworks @loader_path/Frameworks";
				PRODUCT_BUNDLE_IDENTIFIER = org.xyz.FirstiOSAppTests;
				PRODUCT_NAME = "$(TARGET_NAME)";
				TEST_HOST = "$(BUILT_PRODUCTS_DIR)/FirstiOSApp.app/FirstiOSApp";
			};
			name = Release;
		};
/* End XCBuildConfiguration section */

/* Begin XCConfigurationList section */
		01433D751C41CE0E00E8871D /* Build configuration list for PBXProject "FirstiOSApp" */ = {
			isa = XCConfigurationList;
			buildConfigurations = (
				01433D951C41CE0E00E8871D /* Debug */,
				01433D961C41CE0E00E8871D /* Release */,
			);
			defaultConfigurationIsVisible = 0;
			defaultConfigurationName = Release;
		};
		01433D971C41CE0E00E8871D /* Build configuration list for PBXNativeTarget "FirstiOSApp" */ = {
			isa = XCConfigurationList;
			buildConfigurations = (
				01433D981C41CE0E00E8871D /* Debug */,
				01433D991C41CE0E00E8871D /* Release */,
			);
			defaultConfigurationIsVisible = 0;
		};
		01433D9A1C41CE0E00E8871D /* Build configuration list for PBXNativeTarget "FirstiOSAppTests" */ = {
			isa = XCConfigurationList;
			buildConfigurations = (
				01433D9B1C41CE0E00E8871D /* Debug */,
				01433D9C1C41CE0E00E8871D /* Release */,
			);
			defaultConfigurationIsVisible = 0;
		};
/* End XCConfigurationList section */
	};
	rootObject = 01433D721C41CE0E00E8871D /* Project object */;
}
